
Microsoft Visual Studio Solution File, Format Version 12.00
# Visual Studio Version 17
VisualStudioVersion = 17.9.34607.119
MinimumVisualStudioVersion = 10.0.40219.1
Project("{9A19103F-16F7-4668-BE54-9A1E7A4F7556}") = "Ehrms.EmployeeInfo.API", "src\Services\Ehrms.EmployeeInfo.API\Ehrms.EmployeeInfo.API.csproj", "{228A62D8-D5DF-46AD-A24E-78F0E37983B1}"
EndProject
Project("{2150E333-8FDC-42A3-9474-1A3956D46DE8}") = "src", "src", "{6BCCF7F9-9E97-40AE-82D8-94AA9C7D3794}"
EndProject
Project("{2150E333-8FDC-42A3-9474-1A3956D46DE8}") = "services", "services", "{7428A7F7-5F6A-41B2-9E82-44BB101CAA41}"
EndProject
Project("{2150E333-8FDC-42A3-9474-1A3956D46DE8}") = "shared", "shared", "{60A8E732-662B-473D-B82F-2315F877384A}"
EndProject
Project("{9A19103F-16F7-4668-BE54-9A1E7A4F7556}") = "Ehrms.Shared", "src\Shared\Ehrms.Shared\Ehrms.Shared.csproj", "{9A0CF40E-18F3-41DD-96CD-4F8C0FD71C6A}"
EndProject
Project("{E53339B2-1760-4266-BCC7-CA923CBCF16C}") = "docker-compose", "docker-compose.dcproj", "{FBD38B97-7711-40F5-8AFD-770D1F1D60AE}"
EndProject
Project("{2150E333-8FDC-42A3-9474-1A3956D46DE8}") = "test", "test", "{F73A0A42-DD87-487A-9788-7F0B2DB2E4E1}"
EndProject
Project("{9A19103F-16F7-4668-BE54-9A1E7A4F7556}") = "Ehrms.EmployeeInfo.API.IntegrationTests", "test\IntegrationTests\Ehrms.EmployeeInfo.API.IntegrationTests\Ehrms.EmployeeInfo.API.IntegrationTests.csproj", "{9B1EB995-F088-4A89-803E-5FDF13002246}"
EndProject
Project("{2150E333-8FDC-42A3-9474-1A3956D46DE8}") = "IntegrationTests", "IntegrationTests", "{065FDA5F-5706-4E00-B7FD-36A234D47955}"
EndProject
Project("{9A19103F-16F7-4668-BE54-9A1E7A4F7556}") = "Ehrms.ProjectManagement.API", "src\Services\Ehrms.ProjectManagement.API\Ehrms.ProjectManagement.API.csproj", "{1EDA3745-9A50-41DC-8485-F64F8177865D}"
EndProject
Project("{2150E333-8FDC-42A3-9474-1A3956D46DE8}") = "UnitTests", "UnitTests", "{4ABBF0FA-C5D1-4585-98BE-8BAD7C124D25}"
EndProject
Project("{9A19103F-16F7-4668-BE54-9A1E7A4F7556}") = "Ehrms.ProjectManagement.API.UnitTests", "test\UnitTests\Ehrms.ProjectManagement.API.UnitTests\Ehrms.ProjectManagement.API.UnitTests.csproj", "{F739B877-FE80-47AA-B900-70E6F00DCA0C}"
EndProject
Project("{9A19103F-16F7-4668-BE54-9A1E7A4F7556}") = "Ehrms.ProjectManagement.API.IntegrationTests", "test\IntegrationTests\Ehrms.ProjectManagement.API.IntegrationTests\Ehrms.ProjectManagement.API.IntegrationTests.csproj", "{0B001F62-EA5F-46DB-AFF2-656083412965}"
EndProject
Project("{9A19103F-16F7-4668-BE54-9A1E7A4F7556}") = "Ehrms.Contracts", "src\Shared\Ehrms.Contracts\Ehrms.Contracts.csproj", "{776BD18C-C8BE-4DFC-B9E4-217EEFCA9F5A}"
EndProject
Project("{9A19103F-16F7-4668-BE54-9A1E7A4F7556}") = "Ehrms.EmployeeInfo.API.UnitTests", "test\UnitTests\Ehrms.EmployeeInfo.API.UnitTests\Ehrms.EmployeeInfo.API.UnitTests.csproj", "{0245CFEC-45CD-4F07-A36E-43759E4BCF13}"
EndProject
Project("{9A19103F-16F7-4668-BE54-9A1E7A4F7556}") = "Ehrms.TrainingManagement.API", "src\Services\Ehrms.TrainingManagement.API\Ehrms.TrainingManagement.API.csproj", "{EB49C664-2BFF-416A-BA34-E400AA39B430}"
EndProject
Project("{9A19103F-16F7-4668-BE54-9A1E7A4F7556}") = "Ehrms.TrainingManagement.API.UnitTests", "test\UnitTests\Ehrms.TrainingManagement.API.UnitTests\Ehrms.TrainingManagement.API.UnitTests.csproj", "{DFDF410A-4719-4CEF-9569-4E209D8C8535}"
EndProject
Project("{9A19103F-16F7-4668-BE54-9A1E7A4F7556}") = "Ehrms.TrainingManagement.API.IntegrationTests", "test\IntegrationTests\Ehrms.TrainingManagement.API.IntegrationTests\Ehrms.TrainingManagement.API.IntegrationTests.csproj", "{D8F2CBF0-7059-48F3-97C9-907FFD39AA26}"
EndProject
Project("{9A19103F-16F7-4668-BE54-9A1E7A4F7556}") = "Ehrms.ApiGateway", "src\ApiGateway\Ehrms.ApiGateway\Ehrms.ApiGateway.csproj", "{D8E4A42D-D920-470C-8580-E375958661A1}"
EndProject
Project("{2150E333-8FDC-42A3-9474-1A3956D46DE8}") = "gateway", "gateway", "{C0C49845-1537-4705-97A1-ECC9DDAD505A}"
EndProject
Global
	GlobalSection(SolutionConfigurationPlatforms) = preSolution
		Debug|Any CPU = Debug|Any CPU
		Release|Any CPU = Release|Any CPU
	EndGlobalSection
	GlobalSection(ProjectConfigurationPlatforms) = postSolution
		{228A62D8-D5DF-46AD-A24E-78F0E37983B1}.Debug|Any CPU.ActiveCfg = Debug|Any CPU
		{228A62D8-D5DF-46AD-A24E-78F0E37983B1}.Debug|Any CPU.Build.0 = Debug|Any CPU
		{228A62D8-D5DF-46AD-A24E-78F0E37983B1}.Release|Any CPU.ActiveCfg = Release|Any CPU
		{228A62D8-D5DF-46AD-A24E-78F0E37983B1}.Release|Any CPU.Build.0 = Release|Any CPU
		{9A0CF40E-18F3-41DD-96CD-4F8C0FD71C6A}.Debug|Any CPU.ActiveCfg = Debug|Any CPU
		{9A0CF40E-18F3-41DD-96CD-4F8C0FD71C6A}.Debug|Any CPU.Build.0 = Debug|Any CPU
		{9A0CF40E-18F3-41DD-96CD-4F8C0FD71C6A}.Release|Any CPU.ActiveCfg = Release|Any CPU
		{9A0CF40E-18F3-41DD-96CD-4F8C0FD71C6A}.Release|Any CPU.Build.0 = Release|Any CPU
		{FBD38B97-7711-40F5-8AFD-770D1F1D60AE}.Debug|Any CPU.ActiveCfg = Debug|Any CPU
		{FBD38B97-7711-40F5-8AFD-770D1F1D60AE}.Debug|Any CPU.Build.0 = Debug|Any CPU
		{FBD38B97-7711-40F5-8AFD-770D1F1D60AE}.Release|Any CPU.ActiveCfg = Release|Any CPU
		{FBD38B97-7711-40F5-8AFD-770D1F1D60AE}.Release|Any CPU.Build.0 = Release|Any CPU
		{9B1EB995-F088-4A89-803E-5FDF13002246}.Debug|Any CPU.ActiveCfg = Debug|Any CPU
		{9B1EB995-F088-4A89-803E-5FDF13002246}.Debug|Any CPU.Build.0 = Debug|Any CPU
		{9B1EB995-F088-4A89-803E-5FDF13002246}.Release|Any CPU.ActiveCfg = Release|Any CPU
		{9B1EB995-F088-4A89-803E-5FDF13002246}.Release|Any CPU.Build.0 = Release|Any CPU
		{1EDA3745-9A50-41DC-8485-F64F8177865D}.Debug|Any CPU.ActiveCfg = Debug|Any CPU
		{1EDA3745-9A50-41DC-8485-F64F8177865D}.Debug|Any CPU.Build.0 = Debug|Any CPU
		{1EDA3745-9A50-41DC-8485-F64F8177865D}.Release|Any CPU.ActiveCfg = Release|Any CPU
		{1EDA3745-9A50-41DC-8485-F64F8177865D}.Release|Any CPU.Build.0 = Release|Any CPU
		{F739B877-FE80-47AA-B900-70E6F00DCA0C}.Debug|Any CPU.ActiveCfg = Debug|Any CPU
		{F739B877-FE80-47AA-B900-70E6F00DCA0C}.Debug|Any CPU.Build.0 = Debug|Any CPU
		{F739B877-FE80-47AA-B900-70E6F00DCA0C}.Release|Any CPU.ActiveCfg = Release|Any CPU
		{F739B877-FE80-47AA-B900-70E6F00DCA0C}.Release|Any CPU.Build.0 = Release|Any CPU
		{0B001F62-EA5F-46DB-AFF2-656083412965}.Debug|Any CPU.ActiveCfg = Debug|Any CPU
		{0B001F62-EA5F-46DB-AFF2-656083412965}.Debug|Any CPU.Build.0 = Debug|Any CPU
		{0B001F62-EA5F-46DB-AFF2-656083412965}.Release|Any CPU.ActiveCfg = Release|Any CPU
		{0B001F62-EA5F-46DB-AFF2-656083412965}.Release|Any CPU.Build.0 = Release|Any CPU
		{776BD18C-C8BE-4DFC-B9E4-217EEFCA9F5A}.Debug|Any CPU.ActiveCfg = Debug|Any CPU
		{776BD18C-C8BE-4DFC-B9E4-217EEFCA9F5A}.Debug|Any CPU.Build.0 = Debug|Any CPU
		{776BD18C-C8BE-4DFC-B9E4-217EEFCA9F5A}.Release|Any CPU.ActiveCfg = Release|Any CPU
		{776BD18C-C8BE-4DFC-B9E4-217EEFCA9F5A}.Release|Any CPU.Build.0 = Release|Any CPU
		{0245CFEC-45CD-4F07-A36E-43759E4BCF13}.Debug|Any CPU.ActiveCfg = Debug|Any CPU
		{0245CFEC-45CD-4F07-A36E-43759E4BCF13}.Debug|Any CPU.Build.0 = Debug|Any CPU
		{0245CFEC-45CD-4F07-A36E-43759E4BCF13}.Release|Any CPU.ActiveCfg = Release|Any CPU
		{0245CFEC-45CD-4F07-A36E-43759E4BCF13}.Release|Any CPU.Build.0 = Release|Any CPU
		{EB49C664-2BFF-416A-BA34-E400AA39B430}.Debug|Any CPU.ActiveCfg = Debug|Any CPU
		{EB49C664-2BFF-416A-BA34-E400AA39B430}.Debug|Any CPU.Build.0 = Debug|Any CPU
		{EB49C664-2BFF-416A-BA34-E400AA39B430}.Release|Any CPU.ActiveCfg = Release|Any CPU
		{EB49C664-2BFF-416A-BA34-E400AA39B430}.Release|Any CPU.Build.0 = Release|Any CPU
		{DFDF410A-4719-4CEF-9569-4E209D8C8535}.Debug|Any CPU.ActiveCfg = Debug|Any CPU
		{DFDF410A-4719-4CEF-9569-4E209D8C8535}.Debug|Any CPU.Build.0 = Debug|Any CPU
		{DFDF410A-4719-4CEF-9569-4E209D8C8535}.Release|Any CPU.ActiveCfg = Release|Any CPU
		{DFDF410A-4719-4CEF-9569-4E209D8C8535}.Release|Any CPU.Build.0 = Release|Any CPU
		{D8F2CBF0-7059-48F3-97C9-907FFD39AA26}.Debug|Any CPU.ActiveCfg = Debug|Any CPU
		{D8F2CBF0-7059-48F3-97C9-907FFD39AA26}.Debug|Any CPU.Build.0 = Debug|Any CPU
		{D8F2CBF0-7059-48F3-97C9-907FFD39AA26}.Release|Any CPU.ActiveCfg = Release|Any CPU
		{D8F2CBF0-7059-48F3-97C9-907FFD39AA26}.Release|Any CPU.Build.0 = Release|Any CPU
		{D8E4A42D-D920-470C-8580-E375958661A1}.Debug|Any CPU.ActiveCfg = Debug|Any CPU
		{D8E4A42D-D920-470C-8580-E375958661A1}.Debug|Any CPU.Build.0 = Debug|Any CPU
		{D8E4A42D-D920-470C-8580-E375958661A1}.Release|Any CPU.ActiveCfg = Release|Any CPU
		{D8E4A42D-D920-470C-8580-E375958661A1}.Release|Any CPU.Build.0 = Release|Any CPU
	EndGlobalSection
	GlobalSection(SolutionProperties) = preSolution
		HideSolutionNode = FALSE
	EndGlobalSection
	GlobalSection(NestedProjects) = preSolution
		{228A62D8-D5DF-46AD-A24E-78F0E37983B1} = {7428A7F7-5F6A-41B2-9E82-44BB101CAA41}
		{7428A7F7-5F6A-41B2-9E82-44BB101CAA41} = {6BCCF7F9-9E97-40AE-82D8-94AA9C7D3794}
		{60A8E732-662B-473D-B82F-2315F877384A} = {6BCCF7F9-9E97-40AE-82D8-94AA9C7D3794}
		{9A0CF40E-18F3-41DD-96CD-4F8C0FD71C6A} = {60A8E732-662B-473D-B82F-2315F877384A}
		{9B1EB995-F088-4A89-803E-5FDF13002246} = {065FDA5F-5706-4E00-B7FD-36A234D47955}
		{065FDA5F-5706-4E00-B7FD-36A234D47955} = {F73A0A42-DD87-487A-9788-7F0B2DB2E4E1}
		{1EDA3745-9A50-41DC-8485-F64F8177865D} = {7428A7F7-5F6A-41B2-9E82-44BB101CAA41}
		{4ABBF0FA-C5D1-4585-98BE-8BAD7C124D25} = {F73A0A42-DD87-487A-9788-7F0B2DB2E4E1}
		{F739B877-FE80-47AA-B900-70E6F00DCA0C} = {4ABBF0FA-C5D1-4585-98BE-8BAD7C124D25}
		{0B001F62-EA5F-46DB-AFF2-656083412965} = {065FDA5F-5706-4E00-B7FD-36A234D47955}
		{776BD18C-C8BE-4DFC-B9E4-217EEFCA9F5A} = {60A8E732-662B-473D-B82F-2315F877384A}
		{0245CFEC-45CD-4F07-A36E-43759E4BCF13} = {4ABBF0FA-C5D1-4585-98BE-8BAD7C124D25}
		{EB49C664-2BFF-416A-BA34-E400AA39B430} = {7428A7F7-5F6A-41B2-9E82-44BB101CAA41}
		{DFDF410A-4719-4CEF-9569-4E209D8C8535} = {4ABBF0FA-C5D1-4585-98BE-8BAD7C124D25}
		{D8F2CBF0-7059-48F3-97C9-907FFD39AA26} = {065FDA5F-5706-4E00-B7FD-36A234D47955}
		{D8E4A42D-D920-470C-8580-E375958661A1} = {C0C49845-1537-4705-97A1-ECC9DDAD505A}
		{C0C49845-1537-4705-97A1-ECC9DDAD505A} = {6BCCF7F9-9E97-40AE-82D8-94AA9C7D3794}
	EndGlobalSection
	GlobalSection(ExtensibilityGlobals) = postSolution
		SolutionGuid = {39A0E1C3-1F8D-4840-AD0D-087F270984A4}
	EndGlobalSection
EndGlobal
